
Microsoft Visual Studio Solution File, Format Version 12.00
# Visual Studio Version 17
VisualStudioVersion = 17.14.37301.10 d17.14
MinimumVisualStudioVersion = 10.0.40219.1
Project("{FAE04EC0-301F-11D3-BF4B-00C04F79EFBC}") = "QuanLyQuanCafe", "QuanLyQuanCafe\QuanLyQuanCafe.csproj", "{7A6BBAAB-353B-4AB0-9A37-45C5F3BCE56A}"
EndProject
Global
	GlobalSection(SolutionConfigurationPlatforms) = preSolution
		Debug|Any CPU = Debug|Any CPU
		Release|Any CPU = Release|Any CPU
	EndGlobalSection
	GlobalSection(ProjectConfigurationPlatforms) = postSolution
		{7A6BBAAB-353B-4AB0-9A37-45C5F3BCE56A}.Debug|Any CPU.ActiveCfg = Debug|Any CPU
		{7A6BBAAB-353B-4AB0-9A37-45C5F3BCE56A}.Debug|Any CPU.Build.0 = Debug|Any CPU
		{7A6BBAAB-353B-4AB0-9A37-45C5F3BCE56A}.Release|Any CPU.ActiveCfg = Release|Any CPU
		{7A6BBAAB-353B-4AB0-9A37-45C5F3BCE56A}.Release|Any CPU.Build.0 = Release|Any CPU
	EndGlobalSection
	GlobalSection(SolutionProperties) = preSolution
		HideSolutionNode = FALSE
	EndGlobalSection
	GlobalSection(ExtensibilityGlobals) = postSolution
		SolutionGuid = {8EA8F45A-FD35-4CE9-8F9F-4E5BFFE87227}
	EndGlobalSection
EndGlobal
